
Microsoft Visual Studio Solution File, Format Version 12.00
# Visual Studio Version 17
VisualStudioVersion = 17.12.35527.113
MinimumVisualStudioVersion = 10.0.40219.1
Project("{FAE04EC0-301F-11D3-BF4B-00C04F79EFBC}") = "PatPal", "PatPal\PatPal.csproj", "{E8DEE2E1-4A00-408E-8B80-69C1BAB143C5}"
EndProject
Project("{00D1A9C2-B5F0-4AF3-8072-F6C62B433612}") = "DataBasePatPal", "DataBasePatPal\DataBasePatPal.sqlproj", "{ECAEBE20-B69B-49F9-9330-588E0464F942}"
EndProject
Project("{FAE04EC0-301F-11D3-BF4B-00C04F79EFBC}") = "PatPalTestProject", "PatPalTestProject\PatPalTestProject.csproj", "{07C1EBBC-452B-458E-B0BE-0E4AC90728E5}"
EndProject
Global
	GlobalSection(SolutionConfigurationPlatforms) = preSolution
		Debug|Any CPU = Debug|Any CPU
		Release|Any CPU = Release|Any CPU
	EndGlobalSection
	GlobalSection(ProjectConfigurationPlatforms) = postSolution
		{E8DEE2E1-4A00-408E-8B80-69C1BAB143C5}.Debug|Any CPU.ActiveCfg = Debug|Any CPU
		{E8DEE2E1-4A00-408E-8B80-69C1BAB143C5}.Debug|Any CPU.Build.0 = Debug|Any CPU
		{E8DEE2E1-4A00-408E-8B80-69C1BAB143C5}.Release|Any CPU.ActiveCfg = Release|Any CPU
		{E8DEE2E1-4A00-408E-8B80-69C1BAB143C5}.Release|Any CPU.Build.0 = Release|Any CPU
		{ECAEBE20-B69B-49F9-9330-588E0464F942}.Debug|Any CPU.ActiveCfg = Debug|Any CPU
		{ECAEBE20-B69B-49F9-9330-588E0464F942}.Debug|Any CPU.Build.0 = Debug|Any CPU
		{ECAEBE20-B69B-49F9-9330-588E0464F942}.Debug|Any CPU.Deploy.0 = Debug|Any CPU
		{ECAEBE20-B69B-49F9-9330-588E0464F942}.Release|Any CPU.ActiveCfg = Release|Any CPU
		{ECAEBE20-B69B-49F9-9330-588E0464F942}.Release|Any CPU.Build.0 = Release|Any CPU
		{ECAEBE20-B69B-49F9-9330-588E0464F942}.Release|Any CPU.Deploy.0 = Release|Any CPU
		{07C1EBBC-452B-458E-B0BE-0E4AC90728E5}.Debug|Any CPU.ActiveCfg = Debug|Any CPU
		{07C1EBBC-452B-458E-B0BE-0E4AC90728E5}.Debug|Any CPU.Build.0 = Debug|Any CPU
		{07C1EBBC-452B-458E-B0BE-0E4AC90728E5}.Release|Any CPU.ActiveCfg = Release|Any CPU
		{07C1EBBC-452B-458E-B0BE-0E4AC90728E5}.Release|Any CPU.Build.0 = Release|Any CPU
	EndGlobalSection
	GlobalSection(SolutionProperties) = preSolution
		HideSolutionNode = FALSE
	EndGlobalSection
EndGlobal
